// !$*UTF8*$!
{
	archiveVersion = 1;
	classes = {
	};
	objectVersion = 46;
	objects = {

/* Begin PBXBuildFile section */
		798776AD1C9CEE7900B2148A /* AppDelegate.swift in Sources */ = {isa = PBXBuildFile; fileRef = 798776AC1C9CEE7900B2148A /* AppDelegate.swift */; };
		798776AF1C9CEE7900B2148A /* ViewController.swift in Sources */ = {isa = PBXBuildFile; fileRef = 798776AE1C9CEE7900B2148A /* ViewController.swift */; };
		798776B21C9CEE7900B2148A /* Main.storyboard in Resources */ = {isa = PBXBuildFile; fileRef = 798776B01C9CEE7900B2148A /* Main.storyboard */; };
		798776B41C9CEE7900B2148A /* Assets.xcassets in Resources */ = {isa = PBXBuildFile; fileRef = 798776B31C9CEE7900B2148A /* Assets.xcassets */; };
		798776B71C9CEE7900B2148A /* LaunchScreen.storyboard in Resources */ = {isa = PBXBuildFile; fileRef = 798776B51C9CEE7900B2148A /* LaunchScreen.storyboard */; };
		798776BC1C9CEE7900B2148A /* demo-swipe WatchKit App.app in Embed Watch Content */ = {isa = PBXBuildFile; fileRef = 798776BB1C9CEE7900B2148A /* demo-swipe WatchKit App.app */; };
		798776C21C9CEE7900B2148A /* Interface.storyboard in Resources */ = {isa = PBXBuildFile; fileRef = 798776C01C9CEE7900B2148A /* Interface.storyboard */; };
		798776C41C9CEE7900B2148A /* Assets.xcassets in Resources */ = {isa = PBXBuildFile; fileRef = 798776C31C9CEE7900B2148A /* Assets.xcassets */; };
		798776CB1C9CEE7900B2148A /* demo-swipe WatchKit Extension.appex in Embed App Extensions */ = {isa = PBXBuildFile; fileRef = 798776CA1C9CEE7900B2148A /* demo-swipe WatchKit Extension.appex */; settings = {ATTRIBUTES = (RemoveHeadersOnCopy, ); }; };
		798776D01C9CEE7A00B2148A /* InterfaceController.swift in Sources */ = {isa = PBXBuildFile; fileRef = 798776CF1C9CEE7A00B2148A /* InterfaceController.swift */; };
		798776D21C9CEE7A00B2148A /* ExtensionDelegate.swift in Sources */ = {isa = PBXBuildFile; fileRef = 798776D11C9CEE7A00B2148A /* ExtensionDelegate.swift */; };
		798776D41C9CEE7A00B2148A /* Assets.xcassets in Resources */ = {isa = PBXBuildFile; fileRef = 798776D31C9CEE7A00B2148A /* Assets.xcassets */; };
/* End PBXBuildFile section */

/* Begin PBXContainerItemProxy section */
		798776BD1C9CEE7900B2148A /* PBXContainerItemProxy */ = {
			isa = PBXContainerItemProxy;
			containerPortal = 798776A11C9CEE7900B2148A /* Project object */;
			proxyType = 1;
			remoteGlobalIDString = 798776BA1C9CEE7900B2148A;
			remoteInfo = "demo-swipe WatchKit App";
		};
		798776CC1C9CEE7900B2148A /* PBXContainerItemProxy */ = {
			isa = PBXContainerItemProxy;
			containerPortal = 798776A11C9CEE7900B2148A /* Project object */;
			proxyType = 1;
			remoteGlobalIDString = 798776C91C9CEE7900B2148A;
			remoteInfo = "demo-swipe WatchKit Extension";
		};
/* End PBXContainerItemProxy section */

/* Begin PBXCopyFilesBuildPhase section */
		798776DB1C9CEE7A00B2148A /* Embed App Extensions */ = {
			isa = PBXCopyFilesBuildPhase;
			buildActionMask = 2147483647;
			dstPath = "";
			dstSubfolderSpec = 13;
			files = (
				798776CB1C9CEE7900B2148A /* demo-swipe WatchKit Extension.appex in Embed App Extensions */,
			);
			name = "Embed App Extensions";
			runOnlyForDeploymentPostprocessing = 0;
		};
		798776DF1C9CEE7A00B2148A /* Embed Watch Content */ = {
			isa = PBXCopyFilesBuildPhase;
			buildActionMask = 2147483647;
			dstPath = "$(CONTENTS_FOLDER_PATH)/Watch";
			dstSubfolderSpec = 16;
			files = (
				798776BC1C9CEE7900B2148A /* demo-swipe WatchKit App.app in Embed Watch Content */,
			);
			name = "Embed Watch Content";
			runOnlyForDeploymentPostprocessing = 0;
		};
/* End PBXCopyFilesBuildPhase section */

/* Begin PBXFileReference section */
		798776A91C9CEE7900B2148A /* demo-swipe.app */ = {isa = PBXFileReference; explicitFileType = wrapper.application; includeInIndex = 0; path = "demo-swipe.app"; sourceTree = BUILT_PRODUCTS_DIR; };
		798776AC1C9CEE7900B2148A /* AppDelegate.swift */ = {isa = PBXFileReference; lastKnownFileType = sourcecode.swift; path = AppDelegate.swift; sourceTree = "<group>"; };
		798776AE1C9CEE7900B2148A /* ViewController.swift */ = {isa = PBXFileReference; lastKnownFileType = sourcecode.swift; path = ViewController.swift; sourceTree = "<group>"; };
		798776B11C9CEE7900B2148A /* Base */ = {isa = PBXFileReference; lastKnownFileType = file.storyboard; name = Base; path = Base.lproj/Main.storyboard; sourceTree = "<group>"; };
		798776B31C9CEE7900B2148A /* Assets.xcassets */ = {isa = PBXFileReference; lastKnownFileType = folder.assetcatalog; path = Assets.xcassets; sourceTree = "<group>"; };
		798776B61C9CEE7900B2148A /* Base */ = {isa = PBXFileReference; lastKnownFileType = file.storyboard; name = Base; path = Base.lproj/LaunchScreen.storyboard; sourceTree = "<group>"; };
		798776B81C9CEE7900B2148A /* Info.plist */ = {isa = PBXFileReference; lastKnownFileType = text.plist.xml; path = Info.plist; sourceTree = "<group>"; };
		798776BB1C9CEE7900B2148A /* demo-swipe WatchKit App.app */ = {isa = PBXFileReference; explicitFileType = wrapper.application; includeInIndex = 0; path = "demo-swipe WatchKit App.app"; sourceTree = BUILT_PRODUCTS_DIR; };
		798776C11C9CEE7900B2148A /* Base */ = {isa = PBXFileReference; lastKnownFileType = file.storyboard; name = Base; path = Base.lproj/Interface.storyboard; sourceTree = "<group>"; };
		798776C31C9CEE7900B2148A /* Assets.xcassets */ = {isa = PBXFileReference; lastKnownFileType = folder.assetcatalog; path = Assets.xcassets; sourceTree = "<group>"; };
		798776C51C9CEE7900B2148A /* Info.plist */ = {isa = PBXFileReference; lastKnownFileType = text.plist.xml; path = Info.plist; sourceTree = "<group>"; };
		798776CA1C9CEE7900B2148A /* demo-swipe WatchKit Extension.appex */ = {isa = PBXFileReference; explicitFileType = "wrapper.app-extension"; includeInIndex = 0; path = "demo-swipe WatchKit Extension.appex"; sourceTree = BUILT_PRODUCTS_DIR; };
		798776CF1C9CEE7A00B2148A /* InterfaceController.swift */ = {isa = PBXFileReference; lastKnownFileType = sourcecode.swift; path = InterfaceController.swift; sourceTree = "<group>"; };
		798776D11C9CEE7A00B2148A /* ExtensionDelegate.swift */ = {isa = PBXFileReference; lastKnownFileType = sourcecode.swift; path = ExtensionDelegate.swift; sourceTree = "<group>"; };
		798776D31C9CEE7A00B2148A /* Assets.xcassets */ = {isa = PBXFileReference; lastKnownFileType = folder.assetcatalog; path = Assets.xcassets; sourceTree = "<group>"; };
		798776D51C9CEE7A00B2148A /* Info.plist */ = {isa = PBXFileReference; lastKnownFileType = text.plist.xml; path = Info.plist; sourceTree = "<group>"; };
/* End PBXFileReference section */

/* Begin PBXFrameworksBuildPhase section */
		798776A61C9CEE7900B2148A /* Frameworks */ = {
			isa = PBXFrameworksBuildPhase;
			buildActionMask = 2147483647;
			files = (
			);
			runOnlyForDeploymentPostprocessing = 0;
		};
		798776C71C9CEE7900B2148A /* Frameworks */ = {
			isa = PBXFrameworksBuildPhase;
			buildActionMask = 2147483647;
			files = (
			);
			runOnlyForDeploymentPostprocessing = 0;
		};
/* End PBXFrameworksBuildPhase section */

/* Begin PBXGroup section */
		798776A01C9CEE7900B2148A = {
			isa = PBXGroup;
			children = (
				798776AB1C9CEE7900B2148A /* demo-swipe */,
				798776BF1C9CEE7900B2148A /* demo-swipe WatchKit App */,
				798776CE1C9CEE7A00B2148A /* demo-swipe WatchKit Extension */,
				798776AA1C9CEE7900B2148A /* Products */,
			);
			sourceTree = "<group>";
		};
		798776AA1C9CEE7900B2148A /* Products */ = {
			isa = PBXGroup;
			children = (
				798776A91C9CEE7900B2148A /* demo-swipe.app */,
				798776BB1C9CEE7900B2148A /* demo-swipe WatchKit App.app */,
				798776CA1C9CEE7900B2148A /* demo-swipe WatchKit Extension.appex */,
			);
			name = Products;
			sourceTree = "<group>";
		};
		798776AB1C9CEE7900B2148A /* demo-swipe */ = {
			isa = PBXGroup;
			children = (
				798776AC1C9CEE7900B2148A /* AppDelegate.swift */,
				798776AE1C9CEE7900B2148A /* ViewController.swift */,
				798776B01C9CEE7900B2148A /* Main.storyboard */,
				798776B31C9CEE7900B2148A /* Assets.xcassets */,
				798776B51C9CEE7900B2148A /* LaunchScreen.storyboard */,
				798776B81C9CEE7900B2148A /* Info.plist */,
			);
			path = "demo-swipe";
			sourceTree = "<group>";
		};
		798776BF1C9CEE7900B2148A /* demo-swipe WatchKit App */ = {
			isa = PBXGroup;
			children = (
				798776C01C9CEE7900B2148A /* Interface.storyboard */,
				798776C31C9CEE7900B2148A /* Assets.xcassets */,
				798776C51C9CEE7900B2148A /* Info.plist */,
			);
			path = "demo-swipe WatchKit App";
			sourceTree = "<group>";
		};
		798776CE1C9CEE7A00B2148A /* demo-swipe WatchKit Extension */ = {
			isa = PBXGroup;
			children = (
				798776CF1C9CEE7A00B2148A /* InterfaceController.swift */,
				798776D11C9CEE7A00B2148A /* ExtensionDelegate.swift */,
				798776D31C9CEE7A00B2148A /* Assets.xcassets */,
				798776D51C9CEE7A00B2148A /* Info.plist */,
			);
			path = "demo-swipe WatchKit Extension";
			sourceTree = "<group>";
		};
/* End PBXGroup section */

/* Begin PBXNativeTarget section */
		798776A81C9CEE7900B2148A /* demo-swipe */ = {
			isa = PBXNativeTarget;
			buildConfigurationList = 798776E01C9CEE7A00B2148A /* Build configuration list for PBXNativeTarget "demo-swipe" */;
			buildPhases = (
				798776A51C9CEE7900B2148A /* Sources */,
				798776A61C9CEE7900B2148A /* Frameworks */,
				798776A71C9CEE7900B2148A /* Resources */,
				798776DF1C9CEE7A00B2148A /* Embed Watch Content */,
			);
			buildRules = (
			);
			dependencies = (
				798776BE1C9CEE7900B2148A /* PBXTargetDependency */,
			);
			name = "demo-swipe";
			productName = "demo-swipe";
			productReference = 798776A91C9CEE7900B2148A /* demo-swipe.app */;
			productType = "com.apple.product-type.application";
		};
		798776BA1C9CEE7900B2148A /* demo-swipe WatchKit App */ = {
			isa = PBXNativeTarget;
			buildConfigurationList = 798776DC1C9CEE7A00B2148A /* Build configuration list for PBXNativeTarget "demo-swipe WatchKit App" */;
			buildPhases = (
				798776B91C9CEE7900B2148A /* Resources */,
				798776DB1C9CEE7A00B2148A /* Embed App Extensions */,
			);
			buildRules = (
			);
			dependencies = (
				798776CD1C9CEE7900B2148A /* PBXTargetDependency */,
			);
			name = "demo-swipe WatchKit App";
			productName = "demo-swipe WatchKit App";
			productReference = 798776BB1C9CEE7900B2148A /* demo-swipe WatchKit App.app */;
			productType = "com.apple.product-type.application.watchapp2";
		};
		798776C91C9CEE7900B2148A /* demo-swipe WatchKit Extension */ = {
			isa = PBXNativeTarget;
			buildConfigurationList = 798776D81C9CEE7A00B2148A /* Build configuration list for PBXNativeTarget "demo-swipe WatchKit Extension" */;
			buildPhases = (
				798776C61C9CEE7900B2148A /* Sources */,
				798776C71C9CEE7900B2148A /* Frameworks */,
				798776C81C9CEE7900B2148A /* Resources */,
			);
			buildRules = (
			);
			dependencies = (
			);
			name = "demo-swipe WatchKit Extension";
			productName = "demo-swipe WatchKit Extension";
			productReference = 798776CA1C9CEE7900B2148A /* demo-swipe WatchKit Extension.appex */;
			productType = "com.apple.product-type.watchkit2-extension";
		};
/* End PBXNativeTarget section */

/* Begin PBXProject section */
		798776A11C9CEE7900B2148A /* Project object */ = {
			isa = PBXProject;
			attributes = {
				LastSwiftUpdateCheck = 0720;
				LastUpgradeCheck = 0720;
				ORGANIZATIONNAME = "Changkun Ou";
				TargetAttributes = {
					798776A81C9CEE7900B2148A = {
						CreatedOnToolsVersion = 7.2.1;
					};
					798776BA1C9CEE7900B2148A = {
						CreatedOnToolsVersion = 7.2.1;
					};
					798776C91C9CEE7900B2148A = {
						CreatedOnToolsVersion = 7.2.1;
					};
				};
			};
			buildConfigurationList = 798776A41C9CEE7900B2148A /* Build configuration list for PBXProject "demo-swipe" */;
			compatibilityVersion = "Xcode 3.2";
			developmentRegion = English;
			hasScannedForEncodings = 0;
			knownRegions = (
				en,
				Base,
			);
			mainGroup = 798776A01C9CEE7900B2148A;
			productRefGroup = 798776AA1C9CEE7900B2148A /* Products */;
			projectDirPath = "";
			projectRoot = "";
			targets = (
				798776A81C9CEE7900B2148A /* demo-swipe */,
				798776BA1C9CEE7900B2148A /* demo-swipe WatchKit App */,
				798776C91C9CEE7900B2148A /* demo-swipe WatchKit Extension */,
			);
		};
/* End PBXProject section */

/* Begin PBXResourcesBuildPhase section */
		798776A71C9CEE7900B2148A /* Resources */ = {
			isa = PBXResourcesBuildPhase;
			buildActionMask = 2147483647;
			files = (
				798776B71C9CEE7900B2148A /* LaunchScreen.storyboard in Resources */,
				798776B41C9CEE7900B2148A /* Assets.xcassets in Resources */,
				798776B21C9CEE7900B2148A /* Main.storyboard in Resources */,
			);
			runOnlyForDeploymentPostprocessing = 0;
		};
		798776B91C9CEE7900B2148A /* Resources */ = {
			isa = PBXResourcesBuildPhase;
			buildActionMask = 2147483647;
			files = (
				798776C41C9CEE7900B2148A /* Assets.xcassets in Resources */,
				798776C21C9CEE7900B2148A /* Interface.storyboard in Resources */,
			);
			runOnlyForDeploymentPostprocessing = 0;
		};
		798776C81C9CEE7900B2148A /* Resources */ = {
			isa = PBXResourcesBuildPhase;
			buildActionMask = 2147483647;
			files = (
				798776D41C9CEE7A00B2148A /* Assets.xcassets in Resources */,
			);
			runOnlyForDeploymentPostprocessing = 0;
		};
/* End PBXResourcesBuildPhase section */

/* Begin PBXSourcesBuildPhase section */
		798776A51C9CEE7900B2148A /* Sources */ = {
			isa = PBXSourcesBuildPhase;
			buildActionMask = 2147483647;
			files = (
				798776AF1C9CEE7900B2148A /* ViewController.swift in Sources */,
				798776AD1C9CEE7900B2148A /* AppDelegate.swift in Sources */,
			);
			runOnlyForDeploymentPostprocessing = 0;
		};
		798776C61C9CEE7900B2148A /* Sources */ = {
			isa = PBXSourcesBuildPhase;
			buildActionMask = 2147483647;
			files = (
				798776D21C9CEE7A00B2148A /* ExtensionDelegate.swift in Sources */,
				798776D01C9CEE7A00B2148A /* InterfaceController.swift in Sources */,
			);
			runOnlyForDeploymentPostprocessing = 0;
		};
/* End PBXSourcesBuildPhase section */

/* Begin PBXTargetDependency section */
		798776BE1C9CEE7900B2148A /* PBXTargetDependency */ = {
			isa = PBXTargetDependency;
			target = 798776BA1C9CEE7900B2148A /* demo-swipe WatchKit App */;
			targetProxy = 798776BD1C9CEE7900B2148A /* PBXContainerItemProxy */;
		};
		798776CD1C9CEE7900B2148A /* PBXTargetDependency */ = {
			isa = PBXTargetDependency;
			target = 798776C91C9CEE7900B2148A /* demo-swipe WatchKit Extension */;
			targetProxy = 798776CC1C9CEE7900B2148A /* PBXContainerItemProxy */;
		};
/* End PBXTargetDependency section */

/* Begin PBXVariantGroup section */
		798776B01C9CEE7900B2148A /* Main.storyboard */ = {
			isa = PBXVariantGroup;
			children = (
				798776B11C9CEE7900B2148A /* Base */,
			);
			name = Main.storyboard;
			sourceTree = "<group>";
		};
		798776B51C9CEE7900B2148A /* LaunchScreen.storyboard */ = {
			isa = PBXVariantGroup;
			children = (
				798776B61C9CEE7900B2148A /* Base */,
			);
			name = LaunchScreen.storyboard;
			sourceTree = "<group>";
		};
		798776C01C9CEE7900B2148A /* Interface.storyboard */ = {
			isa = PBXVariantGroup;
			children = (
				798776C11C9CEE7900B2148A /* Base */,
			);
			name = Interface.storyboard;
			sourceTree = "<group>";
		};
/* End PBXVariantGroup section */

/* Begin XCBuildConfiguration section */
		798776D61C9CEE7A00B2148A /* Debug */ = {
			isa = XCBuildConfiguration;
			buildSettings = {
				ALWAYS_SEARCH_USER_PATHS = NO;
				CLANG_CXX_LANGUAGE_STANDARD = "gnu++0x";
				CLANG_CXX_LIBRARY = "libc++";
				CLANG_ENABLE_MODULES = YES;
				CLANG_ENABLE_OBJC_ARC = YES;
				CLANG_WARN_BOOL_CONVERSION = YES;
				CLANG_WARN_CONSTANT_CONVERSION = YES;
				CLANG_WARN_DIRECT_OBJC_ISA_USAGE = YES_ERROR;
				CLANG_WARN_EMPTY_BODY = YES;
				CLANG_WARN_ENUM_CONVERSION = YES;
				CLANG_WARN_INT_CONVERSION = YES;
				CLANG_WARN_OBJC_ROOT_CLASS = YES_ERROR;
				CLANG_WARN_UNREACHABLE_CODE = YES;
				CLANG_WARN__DUPLICATE_METHOD_MATCH = YES;
				"CODE_SIGN_IDENTITY[sdk=iphoneos*]" = "iPhone Developer";
				COPY_PHASE_STRIP = NO;
				DEBUG_INFORMATION_FORMAT = dwarf;
				ENABLE_STRICT_OBJC_MSGSEND = YES;
				ENABLE_TESTABILITY = YES;
				GCC_C_LANGUAGE_STANDARD = gnu99;
				GCC_DYNAMIC_NO_PIC = NO;
				GCC_NO_COMMON_BLOCKS = YES;
				GCC_OPTIMIZATION_LEVEL = 0;
				GCC_PREPROCESSOR_DEFINITIONS = (
					"DEBUG=1",
					"$(inherited)",
				);
				GCC_WARN_64_TO_32_BIT_CONVERSION = YES;
				GCC_WARN_ABOUT_RETURN_TYPE = YES_ERROR;
				GCC_WARN_UNDECLARED_SELECTOR = YES;
				GCC_WARN_UNINITIALIZED_AUTOS = YES_AGGRESSIVE;
				GCC_WARN_UNUSED_FUNCTION = YES;
				GCC_WARN_UNUSED_VARIABLE = YES;
				IPHONEOS_DEPLOYMENT_TARGET = 9.2;
				MTL_ENABLE_DEBUG_INFO = YES;
				ONLY_ACTIVE_ARCH = YES;
				SDKROOT = iphoneos;
				SWIFT_OPTIMIZATION_LEVEL = "-Onone";
				TARGETED_DEVICE_FAMILY = "1,2";
			};
			name = Debug;
		};
		798776D71C9CEE7A00B2148A /* Release */ = {
			isa = XCBuildConfiguration;
			buildSettings = {
				ALWAYS_SEARCH_USER_PATHS = NO;
				CLANG_CXX_LANGUAGE_STANDARD = "gnu++0x";
				CLANG_CXX_LIBRARY = "libc++";
				CLANG_ENABLE_MODULES = YES;
				CLANG_ENABLE_OBJC_ARC = YES;
				CLANG_WARN_BOOL_CONVERSION = YES;
				CLANG_WARN_CONSTANT_CONVERSION = YES;
				CLANG_WARN_DIRECT_OBJC_ISA_USAGE = YES_ERROR;
				CLANG_WARN_EMPTY_BODY = YES;
				CLANG_WARN_ENUM_CONVERSION = YES;
				CLANG_WARN_INT_CONVERSION = YES;
				CLANG_WARN_OBJC_ROOT_CLASS = YES_ERROR;
				CLANG_WARN_UNREACHABLE_CODE = YES;
				CLANG_WARN__DUPLICATE_METHOD_MATCH = YES;
				"CODE_SIGN_IDENTITY[sdk=iphoneos*]" = "iPhone Developer";
				COPY_PHASE_STRIP = NO;
				DEBUG_INFORMATION_FORMAT = "dwarf-with-dsym";
				ENABLE_NS_ASSERTIONS = NO;
				ENABLE_STRICT_OBJC_MSGSEND = YES;
				GCC_C_LANGUAGE_STANDARD = gnu99;
				GCC_NO_COMMON_BLOCKS = YES;
				GCC_WARN_64_TO_32_BIT_CONVERSION = YES;
				GCC_WARN_ABOUT_RETURN_TYPE = YES_ERROR;
				GCC_WARN_UNDECLARED_SELECTOR = YES;
				GCC_WARN_UNINITIALIZED_AUTOS = YES_AGGRESSIVE;
				GCC_WARN_UNUSED_FUNCTION = YES;
				GCC_WARN_UNUSED_VARIABLE = YES;
				IPHONEOS_DEPLOYMENT_TARGET = 9.2;
				MTL_ENABLE_DEBUG_INFO = NO;
				SDKROOT = iphoneos;
				TARGETED_DEVICE_FAMILY = "1,2";
				VALIDATE_PRODUCT = YES;
			};
			name = Release;
		};
		798776D91C9CEE7A00B2148A /* Debug */ = {
			isa = XCBuildConfiguration;
			buildSettings = {
				INFOPLIST_FILE = "demo-swipe WatchKit Extension/Info.plist";
				LD_RUNPATH_SEARCH_PATHS = "$(inherited) @executable_path/Frameworks @executable_path/../../Frameworks";
				PRODUCT_BUNDLE_IDENTIFIER = "us.changkun.demo-swipe.watchkitapp.watchkitextension";
				PRODUCT_NAME = "${TARGET_NAME}";
				SDKROOT = watchos;
				SKIP_INSTALL = YES;
				TARGETED_DEVICE_FAMILY = 4;
				WATCHOS_DEPLOYMENT_TARGET = 2.1;
			};
			name = Debug;
		};
		798776DA1C9CEE7A00B2148A /* Release */ = {
			isa = XCBuildConfiguration;
			buildSettings = {
				INFOPLIST_FILE = "demo-swipe WatchKit Extension/Info.plist";
				LD_RUNPATH_SEARCH_PATHS = "$(inherited) @executable_path/Frameworks @executable_path/../../Frameworks";
				PRODUCT_BUNDLE_IDENTIFIER = "us.changkun.demo-swipe.watchkitapp.watchkitextension";
				PRODUCT_NAME = "${TARGET_NAME}";
				SDKROOT = watchos;
				SKIP_INSTALL = YES;
				TARGETED_DEVICE_FAMILY = 4;
				WATCHOS_DEPLOYMENT_TARGET = 2.1;
			};
			name = Release;
		};
		798776DD1C9CEE7A00B2148A /* Debug */ = {
			isa = XCBuildConfiguration;
			buildSettings = {
				ASSETCATALOG_COMPILER_APPICON_NAME = AppIcon;
				EMBEDDED_CONTENT_CONTAINS_SWIFT = YES;
				IBSC_MODULE = demo_swipe_WatchKit_Extension;
				INFOPLIST_FILE = "demo-swipe WatchKit App/Info.plist";
				PRODUCT_BUNDLE_IDENTIFIER = "us.changkun.demo-swipe.watchkitapp";
				PRODUCT_NAME = "$(TARGET_NAME)";
				SDKROOT = watchos;
				SKIP_INSTALL = YES;
				TARGETED_DEVICE_FAMILY = 4;
				WATCHOS_DEPLOYMENT_TARGET = 2.1;
			};
			name = Debug;
		};
		798776DE1C9CEE7A00B2148A /* Release */ = {
			isa = XCBuildConfiguration;
			buildSettings = {
				ASSETCATALOG_COMPILER_APPICON_NAME = AppIcon;
				EMBEDDED_CONTENT_CONTAINS_SWIFT = YES;
				IBSC_MODULE = demo_swipe_WatchKit_Extension;
				INFOPLIST_FILE = "demo-swipe WatchKit App/Info.plist";
				PRODUCT_BUNDLE_IDENTIFIER = "us.changkun.demo-swipe.watchkitapp";
				PRODUCT_NAME = "$(TARGET_NAME)";
				SDKROOT = watchos;
				SKIP_INSTALL = YES;
				TARGETED_DEVICE_FAMILY = 4;
				WATCHOS_DEPLOYMENT_TARGET = 2.1;
			};
			name = Release;
		};
		798776E11C9CEE7A00B2148A /* Debug */ = {
			isa = XCBuildConfiguration;
			buildSettings = {
				ASSETCATALOG_COMPILER_APPICON_NAME = AppIcon;
				INFOPLIST_FILE = "demo-swipe/Info.plist";
				LD_RUNPATH_SEARCH_PATHS = "$(inherited) @executable_path/Frameworks";
				PRODUCT_BUNDLE_IDENTIFIER = "us.changkun.demo-swipe";
				PRODUCT_NAME = "$(TARGET_NAME)";
			};
			name = Debug;
		};
		798776E21C9CEE7A00B2148A /* Release */ = {
			isa = XCBuildConfiguration;
			buildSettings = {
				ASSETCATALOG_COMPILER_APPICON_NAME = AppIcon;
				INFOPLIST_FILE = "demo-swipe/Info.plist";
				LD_RUNPATH_SEARCH_PATHS = "$(inherited) @executable_path/Frameworks";
				PRODUCT_BUNDLE_IDENTIFIER = "us.changkun.demo-swipe";
				PRODUCT_NAME = "$(TARGET_NAME)";
			};
			name = Release;
		};
/* End XCBuildConfiguration section */

/* Begin XCConfigurationList section */
		798776A41C9CEE7900B2148A /* Build configuration list for PBXProject "demo-swipe" */ = {
			isa = XCConfigurationList;
			buildConfigurations = (
				798776D61C9CEE7A00B2148A /* Debug */,
				798776D71C9CEE7A00B2148A /* Release */,
			);
			defaultConfigurationIsVisible = 0;
			defaultConfigurationName = Release;
		};
		798776D81C9CEE7A00B2148A /* Build configuration list for PBXNativeTarget "demo-swipe WatchKit Extension" */ = {
			isa = XCConfigurationList;
			buildConfigurations = (
				798776D91C9CEE7A00B2148A /* Debug */,
				798776DA1C9CEE7A00B2148A /* Release */,
			);
			defaultConfigurationIsVisible = 0;
		};
		798776DC1C9CEE7A00B2148A /* Build configuration list for PBXNativeTarget "demo-swipe WatchKit App" */ = {
			isa = XCConfigurationList;
			buildConfigurations = (
				798776DD1C9CEE7A00B2148A /* Debug */,
				798776DE1C9CEE7A00B2148A /* Release */,
			);
			defaultConfigurationIsVisible = 0;
		};
		798776E01C9CEE7A00B2148A /* Build configuration list for PBXNativeTarget "demo-swipe" */ = {
			isa = XCConfigurationList;
			buildConfigurations = (
				798776E11C9CEE7A00B2148A /* Debug */,
				798776E21C9CEE7A00B2148A /* Release */,
			);
			defaultConfigurationIsVisible = 0;
		};
/* End XCConfigurationList section */
	};
	rootObject = 798776A11C9CEE7900B2148A /* Project object */;
}
